
Microsoft Visual Studio Solution File, Format Version 12.00
# Visual Studio 14
VisualStudioVersion = 14.0.23107.0
MinimumVisualStudioVersion = 10.0.40219.1
Project("{FAE04EC0-301F-11D3-BF4B-00C04F79EFBC}") = "siddu07182018", "siddu07182018\siddu07182018.csproj", "{639F33D4-5648-4C28-8CED-194ADFEF33E2}"
EndProject
Global
	GlobalSection(SolutionConfigurationPlatforms) = preSolution
		Debug|Any CPU = Debug|Any CPU
		Release|Any CPU = Release|Any CPU
	EndGlobalSection
	GlobalSection(ProjectConfigurationPlatforms) = postSolution
		{639F33D4-5648-4C28-8CED-194ADFEF33E2}.Debug|Any CPU.ActiveCfg = Debug|Any CPU
		{639F33D4-5648-4C28-8CED-194ADFEF33E2}.Debug|Any CPU.Build.0 = Debug|Any CPU
		{639F33D4-5648-4C28-8CED-194ADFEF33E2}.Release|Any CPU.ActiveCfg = Release|Any CPU
		{639F33D4-5648-4C28-8CED-194ADFEF33E2}.Release|Any CPU.Build.0 = Release|Any CPU
	EndGlobalSection
	GlobalSection(SolutionProperties) = preSolution
		HideSolutionNode = FALSE
	EndGlobalSection
EndGlobal
